
Microsoft Visual Studio Solution File, Format Version 12.00
# Visual Studio Version 17
VisualStudioVersion = 17.10.35013.160
MinimumVisualStudioVersion = 10.0.40219.1
Project("{FAE04EC0-301F-11D3-BF4B-00C04F79EFBC}") = "EscrutinioGrafica", "EscrutinioGrafica\EscrutinioGrafica.csproj", "{AFA12C39-C1BA-4938-BE10-AE7FE2E30F3F}"
EndProject
Project("{FAE04EC0-301F-11D3-BF4B-00C04F79EFBC}") = "Protocolo", "Protocolo\Protocolo.csproj", "{338B1115-51CC-45A6-A868-8A33E79335A6}"
EndProject
Project("{FAE04EC0-301F-11D3-BF4B-00C04F79EFBC}") = "ServidorTCP", "Servidor\ServidorTCP.csproj", "{CB4F40F6-7AD7-45B2-A03F-EABBE93AF8A2}"
EndProject
Project("{FAE04EC0-301F-11D3-BF4B-00C04F79EFBC}") = "ClienteTCP", "Cliente\ClienteTCP.csproj", "{9C71F03D-FF85-4A81-AD0E-7DBE7D3BA4FB}"
EndProject
Project("{FAE04EC0-301F-11D3-BF4B-00C04F79EFBC}") = "CapaConexion", "CapaConexion\CapaConexion.csproj", "{9E8B2C3C-BB5F-45DC-A5A3-FA3C103211B1}"
EndProject
Project("{FAE04EC0-301F-11D3-BF4B-00C04F79EFBC}") = "Entidades", "Entidades\Entidades.csproj", "{A1DB91E5-60F2-40D2-B87B-39E3A5F4E08D}"
EndProject
Project("{FAE04EC0-301F-11D3-BF4B-00C04F79EFBC}") = "Negocio", "Negocio\Negocio.csproj", "{BDC4DD83-4CAF-42B4-8897-6A4639476E53}"
EndProject
Global
	GlobalSection(SolutionConfigurationPlatforms) = preSolution
		Debug|Any CPU = Debug|Any CPU
		Release|Any CPU = Release|Any CPU
	EndGlobalSection
	GlobalSection(ProjectConfigurationPlatforms) = postSolution
		{AFA12C39-C1BA-4938-BE10-AE7FE2E30F3F}.Debug|Any CPU.ActiveCfg = Debug|Any CPU
		{AFA12C39-C1BA-4938-BE10-AE7FE2E30F3F}.Debug|Any CPU.Build.0 = Debug|Any CPU
		{AFA12C39-C1BA-4938-BE10-AE7FE2E30F3F}.Release|Any CPU.ActiveCfg = Release|Any CPU
		{AFA12C39-C1BA-4938-BE10-AE7FE2E30F3F}.Release|Any CPU.Build.0 = Release|Any CPU
		{338B1115-51CC-45A6-A868-8A33E79335A6}.Debug|Any CPU.ActiveCfg = Debug|Any CPU
		{338B1115-51CC-45A6-A868-8A33E79335A6}.Debug|Any CPU.Build.0 = Debug|Any CPU
		{338B1115-51CC-45A6-A868-8A33E79335A6}.Release|Any CPU.ActiveCfg = Release|Any CPU
		{338B1115-51CC-45A6-A868-8A33E79335A6}.Release|Any CPU.Build.0 = Release|Any CPU
		{CB4F40F6-7AD7-45B2-A03F-EABBE93AF8A2}.Debug|Any CPU.ActiveCfg = Debug|Any CPU
		{CB4F40F6-7AD7-45B2-A03F-EABBE93AF8A2}.Debug|Any CPU.Build.0 = Debug|Any CPU
		{CB4F40F6-7AD7-45B2-A03F-EABBE93AF8A2}.Release|Any CPU.ActiveCfg = Release|Any CPU
		{CB4F40F6-7AD7-45B2-A03F-EABBE93AF8A2}.Release|Any CPU.Build.0 = Release|Any CPU
		{9C71F03D-FF85-4A81-AD0E-7DBE7D3BA4FB}.Debug|Any CPU.ActiveCfg = Debug|Any CPU
		{9C71F03D-FF85-4A81-AD0E-7DBE7D3BA4FB}.Debug|Any CPU.Build.0 = Debug|Any CPU
		{9C71F03D-FF85-4A81-AD0E-7DBE7D3BA4FB}.Release|Any CPU.ActiveCfg = Release|Any CPU
		{9C71F03D-FF85-4A81-AD0E-7DBE7D3BA4FB}.Release|Any CPU.Build.0 = Release|Any CPU
		{9E8B2C3C-BB5F-45DC-A5A3-FA3C103211B1}.Debug|Any CPU.ActiveCfg = Debug|Any CPU
		{9E8B2C3C-BB5F-45DC-A5A3-FA3C103211B1}.Debug|Any CPU.Build.0 = Debug|Any CPU
		{9E8B2C3C-BB5F-45DC-A5A3-FA3C103211B1}.Release|Any CPU.ActiveCfg = Release|Any CPU
		{9E8B2C3C-BB5F-45DC-A5A3-FA3C103211B1}.Release|Any CPU.Build.0 = Release|Any CPU
		{A1DB91E5-60F2-40D2-B87B-39E3A5F4E08D}.Debug|Any CPU.ActiveCfg = Debug|Any CPU
		{A1DB91E5-60F2-40D2-B87B-39E3A5F4E08D}.Debug|Any CPU.Build.0 = Debug|Any CPU
		{A1DB91E5-60F2-40D2-B87B-39E3A5F4E08D}.Release|Any CPU.ActiveCfg = Release|Any CPU
		{A1DB91E5-60F2-40D2-B87B-39E3A5F4E08D}.Release|Any CPU.Build.0 = Release|Any CPU
		{BDC4DD83-4CAF-42B4-8897-6A4639476E53}.Debug|Any CPU.ActiveCfg = Debug|Any CPU
		{BDC4DD83-4CAF-42B4-8897-6A4639476E53}.Debug|Any CPU.Build.0 = Debug|Any CPU
		{BDC4DD83-4CAF-42B4-8897-6A4639476E53}.Release|Any CPU.ActiveCfg = Release|Any CPU
		{BDC4DD83-4CAF-42B4-8897-6A4639476E53}.Release|Any CPU.Build.0 = Release|Any CPU
	EndGlobalSection
	GlobalSection(SolutionProperties) = preSolution
		HideSolutionNode = FALSE
	EndGlobalSection
	GlobalSection(ExtensibilityGlobals) = postSolution
		SolutionGuid = {685DFDF2-88BA-489D-A246-3C28AE7C8FC2}
	EndGlobalSection
EndGlobal
